
Microsoft Visual Studio Solution File, Format Version 12.00
# Visual Studio 14
VisualStudioVersion = 14.0.25420.1
MinimumVisualStudioVersion = 10.0.40219.1
Project("{2150E333-8FDC-42A3-9474-1A3956D46DE8}") = "Version1", "Version1", "{CB3FAAC1-0513-4100-8159-B1C94B861AD1}"
EndProject
Project("{2150E333-8FDC-42A3-9474-1A3956D46DE8}") = "Version 2", "Version 2", "{4995F8E3-F6C1-4594-BE06-BB12359FC12B}"
EndProject
Project("{FAE04EC0-301F-11D3-BF4B-00C04F79EFBC}") = "WCF.Client.V1", "WCF.Client.V1\WCF.Client.V1.csproj", "{E2E982A8-A770-4170-A1F2-451E2BB9D921}"
EndProject
Project("{FAE04EC0-301F-11D3-BF4B-00C04F79EFBC}") = "WCF.Contrat.V1", "WCF.Contrat.V1\WCF.Contrat.V1.csproj", "{7B56030A-5668-45B1-A85C-B6730890C43F}"
EndProject
Project("{FAE04EC0-301F-11D3-BF4B-00C04F79EFBC}") = "WCF.Host.V1", "WCF.Host.V1\WCF.Host.V1.csproj", "{26263695-2D3B-4BF8-9DD2-1D2A70EDBAB6}"
EndProject
Project("{FAE04EC0-301F-11D3-BF4B-00C04F79EFBC}") = "WCF.Service.V1", "WCF.Service.V1\WCF.Service.V1.csproj", "{BECFFA89-2FF6-40D1-BC8B-0A5198FC4337}"
EndProject
Project("{FAE04EC0-301F-11D3-BF4B-00C04F79EFBC}") = "WCF.Client.V2", "WCF.Client.V2\WCF.Client.V2.csproj", "{850CE76C-037D-4C9E-8D65-855600946869}"
EndProject
Project("{FAE04EC0-301F-11D3-BF4B-00C04F79EFBC}") = "WCF.Contrat.V2", "WCF.Contrat.V2\WCF.Contrat.V2.csproj", "{B6FE2216-04B2-47C6-B62B-DD3A9CD45895}"
EndProject
Project("{FAE04EC0-301F-11D3-BF4B-00C04F79EFBC}") = "WCF.Host.V2", "WCF.Host.V2\WCF.Host.V2.csproj", "{6A1353A5-2FEC-4D9F-9557-19F3EF07A0CD}"
EndProject
Project("{FAE04EC0-301F-11D3-BF4B-00C04F79EFBC}") = "WCF.Service.V2", "WCF.Service.V2\WCF.Service.V2.csproj", "{81D83D74-A7CC-4003-9E48-38CB6721F0F7}"
EndProject
Project("{2150E333-8FDC-42A3-9474-1A3956D46DE8}") = "Exercice", "Exercice", "{C041AB67-C1DC-4F09-AC90-1134A85D2BF5}"
EndProject
Project("{FAE04EC0-301F-11D3-BF4B-00C04F79EFBC}") = "WCF.Shifumi", "WCF\WCF.Shifumi.csproj", "{B0CE9E72-FF97-4B5D-98F5-18C519DE4BDB}"
EndProject
Project("{FAE04EC0-301F-11D3-BF4B-00C04F79EFBC}") = "ConsoleApplication.Shifumi", "ConsoleApplication.Shifumi\ConsoleApplication.Shifumi.csproj", "{D3D56AA1-99D9-4B34-9A23-0C3A22E4BD82}"
	ProjectSection(ProjectDependencies) = postProject
		{B0CE9E72-FF97-4B5D-98F5-18C519DE4BDB} = {B0CE9E72-FF97-4B5D-98F5-18C519DE4BDB}
	EndProjectSection
EndProject
Project("{2150E333-8FDC-42A3-9474-1A3956D46DE8}") = "Version3_HostWinService", "Version3_HostWinService", "{50268E88-03E2-4AF1-9D2E-068FB8766E0F}"
EndProject
Project("{FAE04EC0-301F-11D3-BF4B-00C04F79EFBC}") = "WCF.Client.V3", "WCF.Client.V3\WCF.Client.V3.csproj", "{A5B13A70-2C34-4AFE-9CE4-0BB872798E64}"
EndProject
Project("{FAE04EC0-301F-11D3-BF4B-00C04F79EFBC}") = "WCF.Contrat.V3", "WCF.Contrat.V3\WCF.Contrat.V3.csproj", "{E99324AA-C733-47BE-A63C-0335CA55EF64}"
EndProject
Project("{FAE04EC0-301F-11D3-BF4B-00C04F79EFBC}") = "WCF.Service.V3", "WCF.Service.V3\WCF.Service.V3.csproj", "{F458A975-0C31-4127-8643-3D5D4313B3E4}"
EndProject
Project("{FAE04EC0-301F-11D3-BF4B-00C04F79EFBC}") = "WCF.Host.V3", "WCF.Host.V3\WCF.Host.V3.csproj", "{8B9988E7-3C4A-4897-A7B8-4A4599BF55A6}"
EndProject
Global
	GlobalSection(SolutionConfigurationPlatforms) = preSolution
		Debug|Any CPU = Debug|Any CPU
		Release|Any CPU = Release|Any CPU
	EndGlobalSection
	GlobalSection(ProjectConfigurationPlatforms) = postSolution
		{E2E982A8-A770-4170-A1F2-451E2BB9D921}.Debug|Any CPU.ActiveCfg = Debug|Any CPU
		{E2E982A8-A770-4170-A1F2-451E2BB9D921}.Debug|Any CPU.Build.0 = Debug|Any CPU
		{E2E982A8-A770-4170-A1F2-451E2BB9D921}.Release|Any CPU.ActiveCfg = Release|Any CPU
		{E2E982A8-A770-4170-A1F2-451E2BB9D921}.Release|Any CPU.Build.0 = Release|Any CPU
		{7B56030A-5668-45B1-A85C-B6730890C43F}.Debug|Any CPU.ActiveCfg = Debug|Any CPU
		{7B56030A-5668-45B1-A85C-B6730890C43F}.Debug|Any CPU.Build.0 = Debug|Any CPU
		{7B56030A-5668-45B1-A85C-B6730890C43F}.Release|Any CPU.ActiveCfg = Release|Any CPU
		{7B56030A-5668-45B1-A85C-B6730890C43F}.Release|Any CPU.Build.0 = Release|Any CPU
		{26263695-2D3B-4BF8-9DD2-1D2A70EDBAB6}.Debug|Any CPU.ActiveCfg = Debug|Any CPU
		{26263695-2D3B-4BF8-9DD2-1D2A70EDBAB6}.Debug|Any CPU.Build.0 = Debug|Any CPU
		{26263695-2D3B-4BF8-9DD2-1D2A70EDBAB6}.Release|Any CPU.ActiveCfg = Release|Any CPU
		{26263695-2D3B-4BF8-9DD2-1D2A70EDBAB6}.Release|Any CPU.Build.0 = Release|Any CPU
		{BECFFA89-2FF6-40D1-BC8B-0A5198FC4337}.Debug|Any CPU.ActiveCfg = Debug|Any CPU
		{BECFFA89-2FF6-40D1-BC8B-0A5198FC4337}.Debug|Any CPU.Build.0 = Debug|Any CPU
		{BECFFA89-2FF6-40D1-BC8B-0A5198FC4337}.Release|Any CPU.ActiveCfg = Release|Any CPU
		{BECFFA89-2FF6-40D1-BC8B-0A5198FC4337}.Release|Any CPU.Build.0 = Release|Any CPU
		{850CE76C-037D-4C9E-8D65-855600946869}.Debug|Any CPU.ActiveCfg = Debug|Any CPU
		{850CE76C-037D-4C9E-8D65-855600946869}.Debug|Any CPU.Build.0 = Debug|Any CPU
		{850CE76C-037D-4C9E-8D65-855600946869}.Release|Any CPU.ActiveCfg = Release|Any CPU
		{850CE76C-037D-4C9E-8D65-855600946869}.Release|Any CPU.Build.0 = Release|Any CPU
		{B6FE2216-04B2-47C6-B62B-DD3A9CD45895}.Debug|Any CPU.ActiveCfg = Debug|Any CPU
		{B6FE2216-04B2-47C6-B62B-DD3A9CD45895}.Debug|Any CPU.Build.0 = Debug|Any CPU
		{B6FE2216-04B2-47C6-B62B-DD3A9CD45895}.Release|Any CPU.ActiveCfg = Release|Any CPU
		{B6FE2216-04B2-47C6-B62B-DD3A9CD45895}.Release|Any CPU.Build.0 = Release|Any CPU
		{6A1353A5-2FEC-4D9F-9557-19F3EF07A0CD}.Debug|Any CPU.ActiveCfg = Debug|Any CPU
		{6A1353A5-2FEC-4D9F-9557-19F3EF07A0CD}.Debug|Any CPU.Build.0 = Debug|Any CPU
		{6A1353A5-2FEC-4D9F-9557-19F3EF07A0CD}.Release|Any CPU.ActiveCfg = Release|Any CPU
		{6A1353A5-2FEC-4D9F-9557-19F3EF07A0CD}.Release|Any CPU.Build.0 = Release|Any CPU
		{81D83D74-A7CC-4003-9E48-38CB6721F0F7}.Debug|Any CPU.ActiveCfg = Debug|Any CPU
		{81D83D74-A7CC-4003-9E48-38CB6721F0F7}.Debug|Any CPU.Build.0 = Debug|Any CPU
		{81D83D74-A7CC-4003-9E48-38CB6721F0F7}.Release|Any CPU.ActiveCfg = Release|Any CPU
		{81D83D74-A7CC-4003-9E48-38CB6721F0F7}.Release|Any CPU.Build.0 = Release|Any CPU
		{B0CE9E72-FF97-4B5D-98F5-18C519DE4BDB}.Debug|Any CPU.ActiveCfg = Debug|Any CPU
		{B0CE9E72-FF97-4B5D-98F5-18C519DE4BDB}.Debug|Any CPU.Build.0 = Debug|Any CPU
		{B0CE9E72-FF97-4B5D-98F5-18C519DE4BDB}.Release|Any CPU.ActiveCfg = Release|Any CPU
		{B0CE9E72-FF97-4B5D-98F5-18C519DE4BDB}.Release|Any CPU.Build.0 = Release|Any CPU
		{D3D56AA1-99D9-4B34-9A23-0C3A22E4BD82}.Debug|Any CPU.ActiveCfg = Debug|Any CPU
		{D3D56AA1-99D9-4B34-9A23-0C3A22E4BD82}.Debug|Any CPU.Build.0 = Debug|Any CPU
		{D3D56AA1-99D9-4B34-9A23-0C3A22E4BD82}.Release|Any CPU.ActiveCfg = Release|Any CPU
		{D3D56AA1-99D9-4B34-9A23-0C3A22E4BD82}.Release|Any CPU.Build.0 = Release|Any CPU
		{A5B13A70-2C34-4AFE-9CE4-0BB872798E64}.Debug|Any CPU.ActiveCfg = Debug|Any CPU
		{A5B13A70-2C34-4AFE-9CE4-0BB872798E64}.Debug|Any CPU.Build.0 = Debug|Any CPU
		{A5B13A70-2C34-4AFE-9CE4-0BB872798E64}.Release|Any CPU.ActiveCfg = Release|Any CPU
		{A5B13A70-2C34-4AFE-9CE4-0BB872798E64}.Release|Any CPU.Build.0 = Release|Any CPU
		{E99324AA-C733-47BE-A63C-0335CA55EF64}.Debug|Any CPU.ActiveCfg = Debug|Any CPU
		{E99324AA-C733-47BE-A63C-0335CA55EF64}.Debug|Any CPU.Build.0 = Debug|Any CPU
		{E99324AA-C733-47BE-A63C-0335CA55EF64}.Release|Any CPU.ActiveCfg = Release|Any CPU
		{E99324AA-C733-47BE-A63C-0335CA55EF64}.Release|Any CPU.Build.0 = Release|Any CPU
		{F458A975-0C31-4127-8643-3D5D4313B3E4}.Debug|Any CPU.ActiveCfg = Debug|Any CPU
		{F458A975-0C31-4127-8643-3D5D4313B3E4}.Debug|Any CPU.Build.0 = Debug|Any CPU
		{F458A975-0C31-4127-8643-3D5D4313B3E4}.Release|Any CPU.ActiveCfg = Release|Any CPU
		{F458A975-0C31-4127-8643-3D5D4313B3E4}.Release|Any CPU.Build.0 = Release|Any CPU
		{8B9988E7-3C4A-4897-A7B8-4A4599BF55A6}.Debug|Any CPU.ActiveCfg = Debug|Any CPU
		{8B9988E7-3C4A-4897-A7B8-4A4599BF55A6}.Debug|Any CPU.Build.0 = Debug|Any CPU
		{8B9988E7-3C4A-4897-A7B8-4A4599BF55A6}.Release|Any CPU.ActiveCfg = Release|Any CPU
		{8B9988E7-3C4A-4897-A7B8-4A4599BF55A6}.Release|Any CPU.Build.0 = Release|Any CPU
	EndGlobalSection
	GlobalSection(SolutionProperties) = preSolution
		HideSolutionNode = FALSE
	EndGlobalSection
	GlobalSection(NestedProjects) = preSolution
		{E2E982A8-A770-4170-A1F2-451E2BB9D921} = {CB3FAAC1-0513-4100-8159-B1C94B861AD1}
		{7B56030A-5668-45B1-A85C-B6730890C43F} = {CB3FAAC1-0513-4100-8159-B1C94B861AD1}
		{26263695-2D3B-4BF8-9DD2-1D2A70EDBAB6} = {CB3FAAC1-0513-4100-8159-B1C94B861AD1}
		{BECFFA89-2FF6-40D1-BC8B-0A5198FC4337} = {CB3FAAC1-0513-4100-8159-B1C94B861AD1}
		{850CE76C-037D-4C9E-8D65-855600946869} = {4995F8E3-F6C1-4594-BE06-BB12359FC12B}
		{B6FE2216-04B2-47C6-B62B-DD3A9CD45895} = {4995F8E3-F6C1-4594-BE06-BB12359FC12B}
		{6A1353A5-2FEC-4D9F-9557-19F3EF07A0CD} = {4995F8E3-F6C1-4594-BE06-BB12359FC12B}
		{81D83D74-A7CC-4003-9E48-38CB6721F0F7} = {4995F8E3-F6C1-4594-BE06-BB12359FC12B}
		{B0CE9E72-FF97-4B5D-98F5-18C519DE4BDB} = {C041AB67-C1DC-4F09-AC90-1134A85D2BF5}
		{D3D56AA1-99D9-4B34-9A23-0C3A22E4BD82} = {C041AB67-C1DC-4F09-AC90-1134A85D2BF5}
		{A5B13A70-2C34-4AFE-9CE4-0BB872798E64} = {50268E88-03E2-4AF1-9D2E-068FB8766E0F}
		{E99324AA-C733-47BE-A63C-0335CA55EF64} = {50268E88-03E2-4AF1-9D2E-068FB8766E0F}
		{F458A975-0C31-4127-8643-3D5D4313B3E4} = {50268E88-03E2-4AF1-9D2E-068FB8766E0F}
		{8B9988E7-3C4A-4897-A7B8-4A4599BF55A6} = {50268E88-03E2-4AF1-9D2E-068FB8766E0F}
	EndGlobalSection
EndGlobal
